{
  "name": "search-test",
  "version": "1.0.0",
  "lockfileVersion": 1,
  "requires": true,
  "dependencies": {
    "fuse.js": {
      "version": "3.2.1",
      "resolved": "https://bams-amers-sami.int.thomsonreuters.com/artifactory/api/npm/default.npm.global/fuse.js/-/fuse.js-3.2.1.tgz",
      "integrity": "sha1-YyDLlM5W7JdVyJred1vNuwNY1CU="
    },
    "lorem-ipsum": {
      "version": "1.0.6",
      "resolved": "https://bams-amers-sami.int.thomsonreuters.com/artifactory/api/npm/default.npm.global/lorem-ipsum/-/lorem-ipsum-1.0.6.tgz",
      "integrity": "sha1-aemrAruwmRkV1xtVWf4BbVJvAT8=",
      "requires": {
        "minimist": "~1.2.0"
      }
    },
    "lunr": {
      "version": "2.3.3",
      "resolved": "https://bams-amers-sami.int.thomsonreuters.com/artifactory/api/npm/default.npm.global/lunr/-/lunr-2.3.3.tgz",
      "integrity": "sha1-WnLRcMhy5EHn0P+2H/92tJmsB4A="
    },
    "minimist": {
      "version": "1.2.0",
      "resolved": "https://bams-amers-sami.int.thomsonreuters.com/artifactory/api/npm/default.npm.global/minimist/-/minimist-1.2.0.tgz",
      "integrity": "sha1-o1AIsg9BOD7sH7kU9M1d95omQoQ="
    }
  }
}
